
Microsoft Visual Studio Solution File, Format Version 12.00
# Visual Studio Version 16
VisualStudioVersion = 16.0.29920.165
MinimumVisualStudioVersion = 10.0.40219.1
Project("{FAE04EC0-301F-11D3-BF4B-00C04F79EFBC}") = "qa.tool.v3", "qa.tool.v3\qa.tool.v3.csproj", "{FCA2598E-AC98-49AF-AFA3-EDFA9F2404E4}"
EndProject
Global
	GlobalSection(SolutionConfigurationPlatforms) = preSolution
		Debug|Any CPU = Debug|Any CPU
		Release|Any CPU = Release|Any CPU
	EndGlobalSection
	GlobalSection(ProjectConfigurationPlatforms) = postSolution
		{FCA2598E-AC98-49AF-AFA3-EDFA9F2404E4}.Debug|Any CPU.ActiveCfg = Debug|Any CPU
		{FCA2598E-AC98-49AF-AFA3-EDFA9F2404E4}.Debug|Any CPU.Build.0 = Debug|Any CPU
		{FCA2598E-AC98-49AF-AFA3-EDFA9F2404E4}.Release|Any CPU.ActiveCfg = Release|Any CPU
		{FCA2598E-AC98-49AF-AFA3-EDFA9F2404E4}.Release|Any CPU.Build.0 = Release|Any CPU
	EndGlobalSection
	GlobalSection(SolutionProperties) = preSolution
		HideSolutionNode = FALSE
	EndGlobalSection
	GlobalSection(ExtensibilityGlobals) = postSolution
		SolutionGuid = {648ACEA2-43C3-47C3-B91F-596DB6338ACC}
	EndGlobalSection
EndGlobal
